
Microsoft Visual Studio Solution File, Format Version 12.00
# Visual Studio Version 16
VisualStudioVersion = 16.0.30406.217
MinimumVisualStudioVersion = 10.0.40219.1
Project("{F14B399A-7131-4C87-9E4B-1186C45EF12D}") = "Duna_AW_Report_Project", "Duna_AW_Report_Project.rptproj", "{3F019625-10D7-4318-9E7C-118B43AB41AC}"
EndProject
Global
	GlobalSection(SolutionConfigurationPlatforms) = preSolution
		Debug|Default = Debug|Default
		DebugLocal|Default = DebugLocal|Default
		Release|Default = Release|Default
	EndGlobalSection
	GlobalSection(ProjectConfigurationPlatforms) = postSolution
		{3F019625-10D7-4318-9E7C-118B43AB41AC}.Debug|Default.ActiveCfg = Debug
		{3F019625-10D7-4318-9E7C-118B43AB41AC}.Debug|Default.Build.0 = Debug
		{3F019625-10D7-4318-9E7C-118B43AB41AC}.Debug|Default.Deploy.0 = Debug
		{3F019625-10D7-4318-9E7C-118B43AB41AC}.DebugLocal|Default.ActiveCfg = DebugLocal
		{3F019625-10D7-4318-9E7C-118B43AB41AC}.DebugLocal|Default.Build.0 = DebugLocal
		{3F019625-10D7-4318-9E7C-118B43AB41AC}.Release|Default.ActiveCfg = Release
		{3F019625-10D7-4318-9E7C-118B43AB41AC}.Release|Default.Build.0 = Release
		{3F019625-10D7-4318-9E7C-118B43AB41AC}.Release|Default.Deploy.0 = Release
	EndGlobalSection
	GlobalSection(SolutionProperties) = preSolution
		HideSolutionNode = FALSE
	EndGlobalSection
	GlobalSection(ExtensibilityGlobals) = postSolution
		SolutionGuid = {C3AF9921-491D-4414-85A2-AF642DACEDE9}
	EndGlobalSection
EndGlobal
